
Microsoft Visual Studio Solution File, Format Version 12.00
Project("{FAE04EC0-301F-11D3-BF4B-00C04F79EFBC}") = "project_c_sharp", "project_c_sharp.csproj", "{CA694599-1092-4F07-95EA-EDD6CB273424}"
EndProject
Global
	GlobalSection(SolutionConfigurationPlatforms) = preSolution
		Debug|Any CPU = Debug|Any CPU
		Release|Any CPU = Release|Any CPU
	EndGlobalSection
	GlobalSection(ProjectConfigurationPlatforms) = postSolution
		{CA694599-1092-4F07-95EA-EDD6CB273424}.Debug|Any CPU.ActiveCfg = Debug|Any CPU
		{CA694599-1092-4F07-95EA-EDD6CB273424}.Debug|Any CPU.Build.0 = Debug|Any CPU
		{CA694599-1092-4F07-95EA-EDD6CB273424}.Release|Any CPU.ActiveCfg = Release|Any CPU
		{CA694599-1092-4F07-95EA-EDD6CB273424}.Release|Any CPU.Build.0 = Release|Any CPU
	EndGlobalSection
EndGlobal
